{
  "requires": true,
  "lockfileVersion": 1,
  "dependencies": {
    "jq-accordion": {
      "version": "1.0.3",
      "resolved": "https://registry.npmjs.org/jq-accordion/-/jq-accordion-1.0.3.tgz",
      "integrity": "sha512-N/WGipwe0RRIyMlY68uMh1Hgq4VUb11Avz57rrH3seQLd9MZEivjlvc73ZPZZrrzHhQ4Znsi8jE9+J4zebMO3w==",
      "requires": {
        "jquery": ">=1.11.1"
      }
    },
    "jquery": {
      "version": "3.6.3",
      "resolved": "https://registry.npmjs.org/jquery/-/jquery-3.6.3.tgz",
      "integrity": "sha512-bZ5Sy3YzKo9Fyc8wH2iIQK4JImJ6R0GWI9kL1/k7Z91ZBNgkRXE6U0JfHIizZbort8ZunhSI3jw9I6253ahKfg=="
    },
    "jquery.cookie": {
      "version": "1.4.1",
      "resolved": "https://registry.npmjs.org/jquery.cookie/-/jquery.cookie-1.4.1.tgz",
      "integrity": "sha512-c/hZOOL+8VSw/FkTVH637gS1/6YzMSCROpTZ2qBYwJ7s7sHajU7uBkSSiE5+GXWwrfCCyO+jsYjUQ7Hs2rIxAA=="
    }
  }
}
